{
  "name": "case-number-service",
  "version": "1.0.0",
  "lockfileVersion": 1,
  "requires": true,
  "dependencies": {
    "json-api-serializer": {
      "version": "2.6.1",
      "resolved": "https://registry.npmjs.org/json-api-serializer/-/json-api-serializer-2.6.1.tgz",
      "integrity": "sha512-hOtPsrtNnFy2sCLdsN/PEH+FWhdj0CoVbn7iRfw5DtPzXVwSzSN6SxRwGTkxbtauST7QlC2LkmWKhZFlcTnZbw==",
      "requires": {
        "setimmediate": "^1.0.5"
      }
    },
    "setimmediate": {
      "version": "1.0.5",
      "resolved": "https://registry.npmjs.org/setimmediate/-/setimmediate-1.0.5.tgz",
      "integrity": "sha1-KQy7Iy4waULX1+qbg3Mqt4VvgoU="
    }
  }
}
